
Microsoft Visual Studio Solution File, Format Version 12.00
# Visual Studio 15
VisualStudioVersion = 15.0.28307.106
MinimumVisualStudioVersion = 10.0.40219.1
Project("{2150E333-8FDC-42A3-9474-1A3956D46DE8}") = "0 - Modeling and Design", "0 - Modeling and Design", "{09643795-86DB-4FC9-8B17-50B1FE96CCF0}"
EndProject
Project("{2150E333-8FDC-42A3-9474-1A3956D46DE8}") = "1 - Layers", "1 - Layers", "{5C44564F-0352-4BC8-AEF5-74C1F8B125D9}"
EndProject
Project("{2150E333-8FDC-42A3-9474-1A3956D46DE8}") = "2 - Database", "2 - Database", "{00DD7F9A-F967-412B-AF55-F460E8455754}"
EndProject
Project("{2150E333-8FDC-42A3-9474-1A3956D46DE8}") = "1.1 - Presentation", "1.1 - Presentation", "{60CA0A91-3EC5-4E59-BA29-D05711CC2025}"
EndProject
Project("{2150E333-8FDC-42A3-9474-1A3956D46DE8}") = "1.2 - Distributed Services", "1.2 - Distributed Services", "{0DCABD3E-FC0C-4BB7-89B1-496C2C49ACE1}"
EndProject
Project("{2150E333-8FDC-42A3-9474-1A3956D46DE8}") = "1.3 - Application", "1.3 - Application", "{C606D4D5-A76A-494B-8162-20FEE414184A}"
EndProject
Project("{2150E333-8FDC-42A3-9474-1A3956D46DE8}") = "1.4 - Domain", "1.4 - Domain", "{42907FFE-1670-435A-A555-3D6F6210FAC7}"
EndProject
Project("{2150E333-8FDC-42A3-9474-1A3956D46DE8}") = "1.5 - Infrastructure", "1.5 - Infrastructure", "{9408E3AB-1B04-4C78-A2D8-276F1EDE1CF1}"
EndProject
Project("{2150E333-8FDC-42A3-9474-1A3956D46DE8}") = "1.5.1 - Data", "1.5.1 - Data", "{AF04092A-F52D-47AB-A187-FD3E4D05DFE2}"
EndProject
Project("{2150E333-8FDC-42A3-9474-1A3956D46DE8}") = "1.5.2 - Cross Cutting", "1.5.2 - Cross Cutting", "{76F1B429-4AEB-49FC-8BC1-1EE37096A36B}"
EndProject
Project("{2150E333-8FDC-42A3-9474-1A3956D46DE8}") = "Solution Items", "Solution Items", "{28CDEC0D-A290-4111-9166-3E3BA2750975}"
	ProjectSection(SolutionItems) = preProject
		Local.testsettings = Local.testsettings
		nuget.config = nuget.config
		Remote.testsettings = Remote.testsettings
		Vueling.XXX.vsmdi = Vueling.XXX.vsmdi
	EndProjectSection
EndProject
Project("{2150E333-8FDC-42A3-9474-1A3956D46DE8}") = "1.4.1 - Core", "1.4.1 - Core", "{83C534C5-86FF-4E59-BE0F-C37978B1C547}"
EndProject
Project("{2150E333-8FDC-42A3-9474-1A3956D46DE8}") = "1.4.2 - MainModule", "1.4.2 - MainModule", "{9F9A1F62-E5CC-4A7E-8325-EF9740345570}"
EndProject
Project("{FAE04EC0-301F-11D3-BF4B-00C04F79EFBC}") = "Vueling.XXX.WebUI", "Vueling.XXX.WebUI\Vueling.XXX.WebUI.csproj", "{C939F4EB-4DF2-44F2-8983-5E9A69F58358}"
EndProject
Project("{FAE04EC0-301F-11D3-BF4B-00C04F79EFBC}") = "Vueling.XXX.WCF.WebService", "Vueling.XXX.WCF.WebService\Vueling.XXX.WCF.WebService.csproj", "{313E65EB-191F-4082-B96F-DF4C7D44D404}"
EndProject
Project("{FAE04EC0-301F-11D3-BF4B-00C04F79EFBC}") = "Vueling.XXX.WebUI.UnitTest", "Vueling.XXX.WebUI.UnitTest\Vueling.XXX.WebUI.UnitTest.csproj", "{F5BE6486-0BF9-437E-9DCD-0EA505EEC76E}"
EndProject
Project("{FAE04EC0-301F-11D3-BF4B-00C04F79EFBC}") = "Vueling.XXX.WCF.WebService.UnitTest", "Vueling.XXX.WCF.WebService.UnitTest\Vueling.XXX.WCF.WebService.UnitTest.csproj", "{810E0850-53A4-460C-B955-E80D15339F51}"
EndProject
Project("{FAE04EC0-301F-11D3-BF4B-00C04F79EFBC}") = "Vueling.XXX.WCF.REST.WebService", "Vueling.XXX.WCF.REST.WebService\Vueling.XXX.WCF.REST.WebService.csproj", "{35E49EB0-6EF1-4E05-9C78-3125716FEDCB}"
EndProject
Project("{FAE04EC0-301F-11D3-BF4B-00C04F79EFBC}") = "Vueling.XXX.WCF.REST.WebService.UnitTest", "Vueling.XXX.WCF.REST.WebService.UnitTest\Vueling.XXX.WCF.REST.WebService.UnitTest.csproj", "{68799089-190D-4C85-B095-607D01E5DD5D}"
EndProject
Project("{FAE04EC0-301F-11D3-BF4B-00C04F79EFBC}") = "Vueling.XXX.Contracts.ServiceLibrary", "Vueling.XXX.Contracts.ServiceLibrary\Vueling.XXX.Contracts.ServiceLibrary.csproj", "{0F8C8F7E-94CD-4FB0-898A-8ED97B98B846}"
EndProject
Project("{FAE04EC0-301F-11D3-BF4B-00C04F79EFBC}") = "Vueling.XXX.Impl.ServiceLibrary", "Vueling.XXX.Impl.ServiceLibrary\Vueling.XXX.Impl.ServiceLibrary.csproj", "{62D3F9F6-8FE6-4B1A-9584-F88CDCEE8119}"
EndProject
Project("{FAE04EC0-301F-11D3-BF4B-00C04F79EFBC}") = "Vueling.XXX.Impl.ServiceLibrary.UnitTest", "Vueling.XXX.Impl.ServiceLibrary.UnitTest\Vueling.XXX.Impl.ServiceLibrary.UnitTest.csproj", "{3EA12918-FE25-438A-8580-65514FFD0921}"
EndProject
Project("{FAE04EC0-301F-11D3-BF4B-00C04F79EFBC}") = "Vueling.XXX.Library", "Vueling.XXX.Library\Vueling.XXX.Library.csproj", "{8D48807F-7D49-4444-95D7-6453AF9C13DF}"
EndProject
Project("{FAE04EC0-301F-11D3-BF4B-00C04F79EFBC}") = "Vueling.XXX.Library.UnitTest", "Vueling.XXX.Library.UnitTest\Vueling.XXX.Library.UnitTest.csproj", "{2710706D-EEBC-4F8A-B5DA-6F577D90E38E}"
EndProject
Project("{FAE04EC0-301F-11D3-BF4B-00C04F79EFBC}") = "Vueling.XXX.DB.Infrastructure", "Vueling.XXX.DB.Infrastructure\Vueling.XXX.DB.Infrastructure.csproj", "{EE9E3587-8161-42D0-A1FB-CB06BBFEBCE0}"
EndProject
Project("{FAE04EC0-301F-11D3-BF4B-00C04F79EFBC}") = "Vueling.XXX.DB.Infrastructure.UnitTest", "Vueling.XXX.DB.Infrastructure.UnitTest\Vueling.XXX.DB.Infrastructure.UnitTest.csproj", "{141853EE-6FDF-4379-9469-452B578735F5}"
EndProject
Project("{00D1A9C2-B5F0-4AF3-8072-F6C62B433612}") = "Vueling_XXX.Database", "Vueling_XXX.Database\Vueling_XXX.Database.sqlproj", "{217F3A50-4AB8-4BFD-82D8-E072AA449BB2}"
EndProject
Project("{FAE04EC0-301F-11D3-BF4B-00C04F79EFBC}") = "Vueling.XXX.WCF.WebService.IntegrationTest", "Vueling.XXX.WCF.WebService.IntegrationTest\Vueling.XXX.WCF.WebService.IntegrationTest.csproj", "{4B7F4EE0-D061-416B-A18D-D24755F78C86}"
	ProjectSection(ProjectDependencies) = postProject
		{313E65EB-191F-4082-B96F-DF4C7D44D404} = {313E65EB-191F-4082-B96F-DF4C7D44D404}
	EndProjectSection
EndProject
Project("{FAE04EC0-301F-11D3-BF4B-00C04F79EFBC}") = "Vueling.XXX.WCF.REST.WebService.IntegrationTest", "Vueling.XXX.WCF.REST.WebService.IntegrationTest\Vueling.XXX.WCF.REST.WebService.IntegrationTest.csproj", "{D94573D8-6534-4585-AAB8-4A4AEEF7FBA1}"
EndProject
Project("{FAE04EC0-301F-11D3-BF4B-00C04F79EFBC}") = "Vueling.XXX.Message", "Vueling.XXX.Message\Vueling.XXX.Message.csproj", "{90D045A3-CDDC-45F2-9D6A-F37EE8C25B83}"
EndProject
Project("{FAE04EC0-301F-11D3-BF4B-00C04F79EFBC}") = "Vueling.XXX.Publisher.Contracts.ServiceLibrary", "Vueling.XXX.Publisher.Contracts.ServiceLibrary\Vueling.XXX.Publisher.Contracts.ServiceLibrary.csproj", "{E98DB0CF-07AE-48E2-A5A3-13115356B8B4}"
EndProject
Project("{FAE04EC0-301F-11D3-BF4B-00C04F79EFBC}") = "Vueling.XXX.Publisher.Impl.ServiceLibrary", "Vueling.XXX.Publisher.Impl.ServiceLibrary\Vueling.XXX.Publisher.Impl.ServiceLibrary.csproj", "{6BCBE41A-5A96-42BF-B797-DE49AC849594}"
EndProject
Project("{FAE04EC0-301F-11D3-BF4B-00C04F79EFBC}") = "Vueling.XXX.Publisher.WCF.WebService", "Vueling.XXX.Publisher.WCF.WebService\Vueling.XXX.Publisher.WCF.WebService.csproj", "{40C306F2-51F6-4E19-A30E-FB00532818DE}"
EndProject
Project("{FAE04EC0-301F-11D3-BF4B-00C04F79EFBC}") = "Vueling.XXX.EF.DB.Infrastructure", "Vueling.XXX.EF.DB.Infrastructure\Vueling.XXX.EF.DB.Infrastructure.csproj", "{BE2B4BF5-F791-4D94-85DF-AB1DA30D9A3E}"
EndProject
Project("{FAE04EC0-301F-11D3-BF4B-00C04F79EFBC}") = "Vueling.XXX.EF.DB.Infrastructure.IntegrationTest", "Vueling.XXX.EF.DB.Infrastructure.IntegrationTest\Vueling.XXX.EF.DB.Infrastructure.IntegrationTest.csproj", "{DCD625FC-CB82-48B7-9EC1-9C2FA7A62CE7}"
EndProject
Project("{FAE04EC0-301F-11D3-BF4B-00C04F79EFBC}") = "Vueling.XXX.StaticContent", "Vueling.XXX.StaticContent\Vueling.XXX.StaticContent.csproj", "{2D12AFD5-3B42-43A1-B93C-D38658996552}"
EndProject
Project("{FAE04EC0-301F-11D3-BF4B-00C04F79EFBC}") = "Vueling.XXX.MessageConsumer.WindowsService", "Vueling.XXX.MessageConsumer.WindowsService\Vueling.XXX.MessageConsumer.WindowsService.csproj", "{EBBF55FE-DED1-4CE9-AECE-FAF3674EB28F}"
EndProject
Global
	GlobalSection(SolutionConfigurationPlatforms) = preSolution
		Debug|Any CPU = Debug|Any CPU
		Debug|Mixed Platforms = Debug|Mixed Platforms
		Debug|x86 = Debug|x86
		Release|Any CPU = Release|Any CPU
		Release|Mixed Platforms = Release|Mixed Platforms
		Release|x86 = Release|x86
	EndGlobalSection
	GlobalSection(ProjectConfigurationPlatforms) = postSolution
		{C939F4EB-4DF2-44F2-8983-5E9A69F58358}.Debug|Any CPU.ActiveCfg = Debug|Any CPU
		{C939F4EB-4DF2-44F2-8983-5E9A69F58358}.Debug|Any CPU.Build.0 = Debug|Any CPU
		{C939F4EB-4DF2-44F2-8983-5E9A69F58358}.Debug|Mixed Platforms.ActiveCfg = Debug|Any CPU
		{C939F4EB-4DF2-44F2-8983-5E9A69F58358}.Debug|Mixed Platforms.Build.0 = Debug|Any CPU
		{C939F4EB-4DF2-44F2-8983-5E9A69F58358}.Debug|x86.ActiveCfg = Debug|Any CPU
		{C939F4EB-4DF2-44F2-8983-5E9A69F58358}.Release|Any CPU.ActiveCfg = Release|Any CPU
		{C939F4EB-4DF2-44F2-8983-5E9A69F58358}.Release|Any CPU.Build.0 = Release|Any CPU
		{C939F4EB-4DF2-44F2-8983-5E9A69F58358}.Release|Mixed Platforms.ActiveCfg = Release|Any CPU
		{C939F4EB-4DF2-44F2-8983-5E9A69F58358}.Release|Mixed Platforms.Build.0 = Release|Any CPU
		{C939F4EB-4DF2-44F2-8983-5E9A69F58358}.Release|x86.ActiveCfg = Release|Any CPU
		{313E65EB-191F-4082-B96F-DF4C7D44D404}.Debug|Any CPU.ActiveCfg = Debug|Any CPU
		{313E65EB-191F-4082-B96F-DF4C7D44D404}.Debug|Any CPU.Build.0 = Debug|Any CPU
		{313E65EB-191F-4082-B96F-DF4C7D44D404}.Debug|Mixed Platforms.ActiveCfg = Debug|Any CPU
		{313E65EB-191F-4082-B96F-DF4C7D44D404}.Debug|Mixed Platforms.Build.0 = Debug|Any CPU
		{313E65EB-191F-4082-B96F-DF4C7D44D404}.Debug|x86.ActiveCfg = Debug|Any CPU
		{313E65EB-191F-4082-B96F-DF4C7D44D404}.Release|Any CPU.ActiveCfg = Release|Any CPU
		{313E65EB-191F-4082-B96F-DF4C7D44D404}.Release|Any CPU.Build.0 = Release|Any CPU
		{313E65EB-191F-4082-B96F-DF4C7D44D404}.Release|Mixed Platforms.ActiveCfg = Release|Any CPU
		{313E65EB-191F-4082-B96F-DF4C7D44D404}.Release|Mixed Platforms.Build.0 = Release|Any CPU
		{313E65EB-191F-4082-B96F-DF4C7D44D404}.Release|x86.ActiveCfg = Release|Any CPU
		{F5BE6486-0BF9-437E-9DCD-0EA505EEC76E}.Debug|Any CPU.ActiveCfg = Debug|Any CPU
		{F5BE6486-0BF9-437E-9DCD-0EA505EEC76E}.Debug|Any CPU.Build.0 = Debug|Any CPU
		{F5BE6486-0BF9-437E-9DCD-0EA505EEC76E}.Debug|Mixed Platforms.ActiveCfg = Debug|Any CPU
		{F5BE6486-0BF9-437E-9DCD-0EA505EEC76E}.Debug|Mixed Platforms.Build.0 = Debug|Any CPU
		{F5BE6486-0BF9-437E-9DCD-0EA505EEC76E}.Debug|x86.ActiveCfg = Debug|Any CPU
		{F5BE6486-0BF9-437E-9DCD-0EA505EEC76E}.Release|Any CPU.ActiveCfg = Release|Any CPU
		{F5BE6486-0BF9-437E-9DCD-0EA505EEC76E}.Release|Any CPU.Build.0 = Release|Any CPU
		{F5BE6486-0BF9-437E-9DCD-0EA505EEC76E}.Release|Mixed Platforms.ActiveCfg = Release|Any CPU
		{F5BE6486-0BF9-437E-9DCD-0EA505EEC76E}.Release|Mixed Platforms.Build.0 = Release|Any CPU
		{F5BE6486-0BF9-437E-9DCD-0EA505EEC76E}.Release|x86.ActiveCfg = Release|Any CPU
		{810E0850-53A4-460C-B955-E80D15339F51}.Debug|Any CPU.ActiveCfg = Debug|Any CPU
		{810E0850-53A4-460C-B955-E80D15339F51}.Debug|Any CPU.Build.0 = Debug|Any CPU
		{810E0850-53A4-460C-B955-E80D15339F51}.Debug|Mixed Platforms.ActiveCfg = Debug|Any CPU
		{810E0850-53A4-460C-B955-E80D15339F51}.Debug|Mixed Platforms.Build.0 = Debug|Any CPU
		{810E0850-53A4-460C-B955-E80D15339F51}.Debug|x86.ActiveCfg = Debug|Any CPU
		{810E0850-53A4-460C-B955-E80D15339F51}.Release|Any CPU.ActiveCfg = Release|Any CPU
		{810E0850-53A4-460C-B955-E80D15339F51}.Release|Any CPU.Build.0 = Release|Any CPU
		{810E0850-53A4-460C-B955-E80D15339F51}.Release|Mixed Platforms.ActiveCfg = Release|Any CPU
		{810E0850-53A4-460C-B955-E80D15339F51}.Release|Mixed Platforms.Build.0 = Release|Any CPU
		{810E0850-53A4-460C-B955-E80D15339F51}.Release|x86.ActiveCfg = Release|Any CPU
		{35E49EB0-6EF1-4E05-9C78-3125716FEDCB}.Debug|Any CPU.ActiveCfg = Debug|Any CPU
		{35E49EB0-6EF1-4E05-9C78-3125716FEDCB}.Debug|Any CPU.Build.0 = Debug|Any CPU
		{35E49EB0-6EF1-4E05-9C78-3125716FEDCB}.Debug|Mixed Platforms.ActiveCfg = Debug|Any CPU
		{35E49EB0-6EF1-4E05-9C78-3125716FEDCB}.Debug|Mixed Platforms.Build.0 = Debug|Any CPU
		{35E49EB0-6EF1-4E05-9C78-3125716FEDCB}.Debug|x86.ActiveCfg = Debug|Any CPU
		{35E49EB0-6EF1-4E05-9C78-3125716FEDCB}.Release|Any CPU.ActiveCfg = Release|Any CPU
		{35E49EB0-6EF1-4E05-9C78-3125716FEDCB}.Release|Any CPU.Build.0 = Release|Any CPU
		{35E49EB0-6EF1-4E05-9C78-3125716FEDCB}.Release|Mixed Platforms.ActiveCfg = Release|Any CPU
		{35E49EB0-6EF1-4E05-9C78-3125716FEDCB}.Release|Mixed Platforms.Build.0 = Release|Any CPU
		{35E49EB0-6EF1-4E05-9C78-3125716FEDCB}.Release|x86.ActiveCfg = Release|Any CPU
		{68799089-190D-4C85-B095-607D01E5DD5D}.Debug|Any CPU.ActiveCfg = Debug|Any CPU
		{68799089-190D-4C85-B095-607D01E5DD5D}.Debug|Any CPU.Build.0 = Debug|Any CPU
		{68799089-190D-4C85-B095-607D01E5DD5D}.Debug|Mixed Platforms.ActiveCfg = Debug|Any CPU
		{68799089-190D-4C85-B095-607D01E5DD5D}.Debug|Mixed Platforms.Build.0 = Debug|Any CPU
		{68799089-190D-4C85-B095-607D01E5DD5D}.Debug|x86.ActiveCfg = Debug|Any CPU
		{68799089-190D-4C85-B095-607D01E5DD5D}.Release|Any CPU.ActiveCfg = Release|Any CPU
		{68799089-190D-4C85-B095-607D01E5DD5D}.Release|Any CPU.Build.0 = Release|Any CPU
		{68799089-190D-4C85-B095-607D01E5DD5D}.Release|Mixed Platforms.ActiveCfg = Release|Any CPU
		{68799089-190D-4C85-B095-607D01E5DD5D}.Release|Mixed Platforms.Build.0 = Release|Any CPU
		{68799089-190D-4C85-B095-607D01E5DD5D}.Release|x86.ActiveCfg = Release|Any CPU
		{0F8C8F7E-94CD-4FB0-898A-8ED97B98B846}.Debug|Any CPU.ActiveCfg = Debug|Any CPU
		{0F8C8F7E-94CD-4FB0-898A-8ED97B98B846}.Debug|Any CPU.Build.0 = Debug|Any CPU
		{0F8C8F7E-94CD-4FB0-898A-8ED97B98B846}.Debug|Mixed Platforms.ActiveCfg = Debug|Any CPU
		{0F8C8F7E-94CD-4FB0-898A-8ED97B98B846}.Debug|Mixed Platforms.Build.0 = Debug|Any CPU
		{0F8C8F7E-94CD-4FB0-898A-8ED97B98B846}.Debug|x86.ActiveCfg = Debug|Any CPU
		{0F8C8F7E-94CD-4FB0-898A-8ED97B98B846}.Release|Any CPU.ActiveCfg = Release|Any CPU
		{0F8C8F7E-94CD-4FB0-898A-8ED97B98B846}.Release|Any CPU.Build.0 = Release|Any CPU
		{0F8C8F7E-94CD-4FB0-898A-8ED97B98B846}.Release|Mixed Platforms.ActiveCfg = Release|Any CPU
		{0F8C8F7E-94CD-4FB0-898A-8ED97B98B846}.Release|Mixed Platforms.Build.0 = Release|Any CPU
		{0F8C8F7E-94CD-4FB0-898A-8ED97B98B846}.Release|x86.ActiveCfg = Release|Any CPU
		{62D3F9F6-8FE6-4B1A-9584-F88CDCEE8119}.Debug|Any CPU.ActiveCfg = Debug|Any CPU
		{62D3F9F6-8FE6-4B1A-9584-F88CDCEE8119}.Debug|Any CPU.Build.0 = Debug|Any CPU
		{62D3F9F6-8FE6-4B1A-9584-F88CDCEE8119}.Debug|Mixed Platforms.ActiveCfg = Debug|Any CPU
		{62D3F9F6-8FE6-4B1A-9584-F88CDCEE8119}.Debug|Mixed Platforms.Build.0 = Debug|Any CPU
		{62D3F9F6-8FE6-4B1A-9584-F88CDCEE8119}.Debug|x86.ActiveCfg = Debug|Any CPU
		{62D3F9F6-8FE6-4B1A-9584-F88CDCEE8119}.Release|Any CPU.ActiveCfg = Release|Any CPU
		{62D3F9F6-8FE6-4B1A-9584-F88CDCEE8119}.Release|Any CPU.Build.0 = Release|Any CPU
		{62D3F9F6-8FE6-4B1A-9584-F88CDCEE8119}.Release|Mixed Platforms.ActiveCfg = Release|Any CPU
		{62D3F9F6-8FE6-4B1A-9584-F88CDCEE8119}.Release|Mixed Platforms.Build.0 = Release|Any CPU
		{62D3F9F6-8FE6-4B1A-9584-F88CDCEE8119}.Release|x86.ActiveCfg = Release|Any CPU
		{3EA12918-FE25-438A-8580-65514FFD0921}.Debug|Any CPU.ActiveCfg = Debug|Any CPU
		{3EA12918-FE25-438A-8580-65514FFD0921}.Debug|Any CPU.Build.0 = Debug|Any CPU
		{3EA12918-FE25-438A-8580-65514FFD0921}.Debug|Mixed Platforms.ActiveCfg = Debug|Any CPU
		{3EA12918-FE25-438A-8580-65514FFD0921}.Debug|Mixed Platforms.Build.0 = Debug|Any CPU
		{3EA12918-FE25-438A-8580-65514FFD0921}.Debug|x86.ActiveCfg = Debug|Any CPU
		{3EA12918-FE25-438A-8580-65514FFD0921}.Release|Any CPU.ActiveCfg = Release|Any CPU
		{3EA12918-FE25-438A-8580-65514FFD0921}.Release|Any CPU.Build.0 = Release|Any CPU
		{3EA12918-FE25-438A-8580-65514FFD0921}.Release|Mixed Platforms.ActiveCfg = Release|Any CPU
		{3EA12918-FE25-438A-8580-65514FFD0921}.Release|Mixed Platforms.Build.0 = Release|Any CPU
		{3EA12918-FE25-438A-8580-65514FFD0921}.Release|x86.ActiveCfg = Release|Any CPU
		{8D48807F-7D49-4444-95D7-6453AF9C13DF}.Debug|Any CPU.ActiveCfg = Debug|Any CPU
		{8D48807F-7D49-4444-95D7-6453AF9C13DF}.Debug|Any CPU.Build.0 = Debug|Any CPU
		{8D48807F-7D49-4444-95D7-6453AF9C13DF}.Debug|Mixed Platforms.ActiveCfg = Debug|Any CPU
		{8D48807F-7D49-4444-95D7-6453AF9C13DF}.Debug|Mixed Platforms.Build.0 = Debug|Any CPU
		{8D48807F-7D49-4444-95D7-6453AF9C13DF}.Debug|x86.ActiveCfg = Debug|Any CPU
		{8D48807F-7D49-4444-95D7-6453AF9C13DF}.Release|Any CPU.ActiveCfg = Release|Any CPU
		{8D48807F-7D49-4444-95D7-6453AF9C13DF}.Release|Any CPU.Build.0 = Release|Any CPU
		{8D48807F-7D49-4444-95D7-6453AF9C13DF}.Release|Mixed Platforms.ActiveCfg = Release|Any CPU
		{8D48807F-7D49-4444-95D7-6453AF9C13DF}.Release|Mixed Platforms.Build.0 = Release|Any CPU
		{8D48807F-7D49-4444-95D7-6453AF9C13DF}.Release|x86.ActiveCfg = Release|Any CPU
		{2710706D-EEBC-4F8A-B5DA-6F577D90E38E}.Debug|Any CPU.ActiveCfg = Debug|Any CPU
		{2710706D-EEBC-4F8A-B5DA-6F577D90E38E}.Debug|Any CPU.Build.0 = Debug|Any CPU
		{2710706D-EEBC-4F8A-B5DA-6F577D90E38E}.Debug|Mixed Platforms.ActiveCfg = Debug|Any CPU
		{2710706D-EEBC-4F8A-B5DA-6F577D90E38E}.Debug|Mixed Platforms.Build.0 = Debug|Any CPU
		{2710706D-EEBC-4F8A-B5DA-6F577D90E38E}.Debug|x86.ActiveCfg = Debug|Any CPU
		{2710706D-EEBC-4F8A-B5DA-6F577D90E38E}.Release|Any CPU.ActiveCfg = Release|Any CPU
		{2710706D-EEBC-4F8A-B5DA-6F577D90E38E}.Release|Any CPU.Build.0 = Release|Any CPU
		{2710706D-EEBC-4F8A-B5DA-6F577D90E38E}.Release|Mixed Platforms.ActiveCfg = Release|Any CPU
		{2710706D-EEBC-4F8A-B5DA-6F577D90E38E}.Release|Mixed Platforms.Build.0 = Release|Any CPU
		{2710706D-EEBC-4F8A-B5DA-6F577D90E38E}.Release|x86.ActiveCfg = Release|Any CPU
		{EE9E3587-8161-42D0-A1FB-CB06BBFEBCE0}.Debug|Any CPU.ActiveCfg = Debug|Any CPU
		{EE9E3587-8161-42D0-A1FB-CB06BBFEBCE0}.Debug|Any CPU.Build.0 = Debug|Any CPU
		{EE9E3587-8161-42D0-A1FB-CB06BBFEBCE0}.Debug|Mixed Platforms.ActiveCfg = Debug|Any CPU
		{EE9E3587-8161-42D0-A1FB-CB06BBFEBCE0}.Debug|Mixed Platforms.Build.0 = Debug|Any CPU
		{EE9E3587-8161-42D0-A1FB-CB06BBFEBCE0}.Debug|x86.ActiveCfg = Debug|Any CPU
		{EE9E3587-8161-42D0-A1FB-CB06BBFEBCE0}.Release|Any CPU.ActiveCfg = Release|Any CPU
		{EE9E3587-8161-42D0-A1FB-CB06BBFEBCE0}.Release|Any CPU.Build.0 = Release|Any CPU
		{EE9E3587-8161-42D0-A1FB-CB06BBFEBCE0}.Release|Mixed Platforms.ActiveCfg = Release|Any CPU
		{EE9E3587-8161-42D0-A1FB-CB06BBFEBCE0}.Release|Mixed Platforms.Build.0 = Release|Any CPU
		{EE9E3587-8161-42D0-A1FB-CB06BBFEBCE0}.Release|x86.ActiveCfg = Release|Any CPU
		{141853EE-6FDF-4379-9469-452B578735F5}.Debug|Any CPU.ActiveCfg = Debug|Any CPU
		{141853EE-6FDF-4379-9469-452B578735F5}.Debug|Any CPU.Build.0 = Debug|Any CPU
		{141853EE-6FDF-4379-9469-452B578735F5}.Debug|Mixed Platforms.ActiveCfg = Debug|Any CPU
		{141853EE-6FDF-4379-9469-452B578735F5}.Debug|Mixed Platforms.Build.0 = Debug|Any CPU
		{141853EE-6FDF-4379-9469-452B578735F5}.Debug|x86.ActiveCfg = Debug|Any CPU
		{141853EE-6FDF-4379-9469-452B578735F5}.Release|Any CPU.ActiveCfg = Release|Any CPU
		{141853EE-6FDF-4379-9469-452B578735F5}.Release|Any CPU.Build.0 = Release|Any CPU
		{141853EE-6FDF-4379-9469-452B578735F5}.Release|Mixed Platforms.ActiveCfg = Release|Any CPU
		{141853EE-6FDF-4379-9469-452B578735F5}.Release|Mixed Platforms.Build.0 = Release|Any CPU
		{141853EE-6FDF-4379-9469-452B578735F5}.Release|x86.ActiveCfg = Release|Any CPU
		{217F3A50-4AB8-4BFD-82D8-E072AA449BB2}.Debug|Any CPU.ActiveCfg = Debug|Any CPU
		{217F3A50-4AB8-4BFD-82D8-E072AA449BB2}.Debug|Any CPU.Build.0 = Debug|Any CPU
		{217F3A50-4AB8-4BFD-82D8-E072AA449BB2}.Debug|Any CPU.Deploy.0 = Debug|Any CPU
		{217F3A50-4AB8-4BFD-82D8-E072AA449BB2}.Debug|Mixed Platforms.ActiveCfg = Debug|Any CPU
		{217F3A50-4AB8-4BFD-82D8-E072AA449BB2}.Debug|Mixed Platforms.Build.0 = Debug|Any CPU
		{217F3A50-4AB8-4BFD-82D8-E072AA449BB2}.Debug|Mixed Platforms.Deploy.0 = Debug|Any CPU
		{217F3A50-4AB8-4BFD-82D8-E072AA449BB2}.Debug|x86.ActiveCfg = Debug|Any CPU
		{217F3A50-4AB8-4BFD-82D8-E072AA449BB2}.Release|Any CPU.ActiveCfg = Release|Any CPU
		{217F3A50-4AB8-4BFD-82D8-E072AA449BB2}.Release|Any CPU.Build.0 = Release|Any CPU
		{217F3A50-4AB8-4BFD-82D8-E072AA449BB2}.Release|Any CPU.Deploy.0 = Release|Any CPU
		{217F3A50-4AB8-4BFD-82D8-E072AA449BB2}.Release|Mixed Platforms.ActiveCfg = Release|Any CPU
		{217F3A50-4AB8-4BFD-82D8-E072AA449BB2}.Release|Mixed Platforms.Build.0 = Release|Any CPU
		{217F3A50-4AB8-4BFD-82D8-E072AA449BB2}.Release|Mixed Platforms.Deploy.0 = Release|Any CPU
		{217F3A50-4AB8-4BFD-82D8-E072AA449BB2}.Release|x86.ActiveCfg = Release|Any CPU
		{4B7F4EE0-D061-416B-A18D-D24755F78C86}.Debug|Any CPU.ActiveCfg = Debug|Any CPU
		{4B7F4EE0-D061-416B-A18D-D24755F78C86}.Debug|Any CPU.Build.0 = Debug|Any CPU
		{4B7F4EE0-D061-416B-A18D-D24755F78C86}.Debug|Mixed Platforms.ActiveCfg = Debug|Any CPU
		{4B7F4EE0-D061-416B-A18D-D24755F78C86}.Debug|Mixed Platforms.Build.0 = Debug|Any CPU
		{4B7F4EE0-D061-416B-A18D-D24755F78C86}.Debug|x86.ActiveCfg = Debug|Any CPU
		{4B7F4EE0-D061-416B-A18D-D24755F78C86}.Release|Any CPU.ActiveCfg = Release|Any CPU
		{4B7F4EE0-D061-416B-A18D-D24755F78C86}.Release|Any CPU.Build.0 = Release|Any CPU
		{4B7F4EE0-D061-416B-A18D-D24755F78C86}.Release|Mixed Platforms.ActiveCfg = Release|Any CPU
		{4B7F4EE0-D061-416B-A18D-D24755F78C86}.Release|Mixed Platforms.Build.0 = Release|Any CPU
		{4B7F4EE0-D061-416B-A18D-D24755F78C86}.Release|x86.ActiveCfg = Release|Any CPU
		{D94573D8-6534-4585-AAB8-4A4AEEF7FBA1}.Debug|Any CPU.ActiveCfg = Debug|Any CPU
		{D94573D8-6534-4585-AAB8-4A4AEEF7FBA1}.Debug|Any CPU.Build.0 = Debug|Any CPU
		{D94573D8-6534-4585-AAB8-4A4AEEF7FBA1}.Debug|Mixed Platforms.ActiveCfg = Debug|Any CPU
		{D94573D8-6534-4585-AAB8-4A4AEEF7FBA1}.Debug|Mixed Platforms.Build.0 = Debug|Any CPU
		{D94573D8-6534-4585-AAB8-4A4AEEF7FBA1}.Debug|x86.ActiveCfg = Debug|Any CPU
		{D94573D8-6534-4585-AAB8-4A4AEEF7FBA1}.Release|Any CPU.ActiveCfg = Release|Any CPU
		{D94573D8-6534-4585-AAB8-4A4AEEF7FBA1}.Release|Any CPU.Build.0 = Release|Any CPU
		{D94573D8-6534-4585-AAB8-4A4AEEF7FBA1}.Release|Mixed Platforms.ActiveCfg = Release|Any CPU
		{D94573D8-6534-4585-AAB8-4A4AEEF7FBA1}.Release|Mixed Platforms.Build.0 = Release|Any CPU
		{D94573D8-6534-4585-AAB8-4A4AEEF7FBA1}.Release|x86.ActiveCfg = Release|Any CPU
		{90D045A3-CDDC-45F2-9D6A-F37EE8C25B83}.Debug|Any CPU.ActiveCfg = Debug|Any CPU
		{90D045A3-CDDC-45F2-9D6A-F37EE8C25B83}.Debug|Any CPU.Build.0 = Debug|Any CPU
		{90D045A3-CDDC-45F2-9D6A-F37EE8C25B83}.Debug|Mixed Platforms.ActiveCfg = Debug|Any CPU
		{90D045A3-CDDC-45F2-9D6A-F37EE8C25B83}.Debug|Mixed Platforms.Build.0 = Debug|Any CPU
		{90D045A3-CDDC-45F2-9D6A-F37EE8C25B83}.Debug|x86.ActiveCfg = Debug|Any CPU
		{90D045A3-CDDC-45F2-9D6A-F37EE8C25B83}.Release|Any CPU.ActiveCfg = Release|Any CPU
		{90D045A3-CDDC-45F2-9D6A-F37EE8C25B83}.Release|Any CPU.Build.0 = Release|Any CPU
		{90D045A3-CDDC-45F2-9D6A-F37EE8C25B83}.Release|Mixed Platforms.ActiveCfg = Release|Any CPU
		{90D045A3-CDDC-45F2-9D6A-F37EE8C25B83}.Release|Mixed Platforms.Build.0 = Release|Any CPU
		{90D045A3-CDDC-45F2-9D6A-F37EE8C25B83}.Release|x86.ActiveCfg = Release|Any CPU
		{E98DB0CF-07AE-48E2-A5A3-13115356B8B4}.Debug|Any CPU.ActiveCfg = Debug|Any CPU
		{E98DB0CF-07AE-48E2-A5A3-13115356B8B4}.Debug|Any CPU.Build.0 = Debug|Any CPU
		{E98DB0CF-07AE-48E2-A5A3-13115356B8B4}.Debug|Mixed Platforms.ActiveCfg = Debug|Any CPU
		{E98DB0CF-07AE-48E2-A5A3-13115356B8B4}.Debug|Mixed Platforms.Build.0 = Debug|Any CPU
		{E98DB0CF-07AE-48E2-A5A3-13115356B8B4}.Debug|x86.ActiveCfg = Debug|Any CPU
		{E98DB0CF-07AE-48E2-A5A3-13115356B8B4}.Release|Any CPU.ActiveCfg = Release|Any CPU
		{E98DB0CF-07AE-48E2-A5A3-13115356B8B4}.Release|Any CPU.Build.0 = Release|Any CPU
		{E98DB0CF-07AE-48E2-A5A3-13115356B8B4}.Release|Mixed Platforms.ActiveCfg = Release|Any CPU
		{E98DB0CF-07AE-48E2-A5A3-13115356B8B4}.Release|Mixed Platforms.Build.0 = Release|Any CPU
		{E98DB0CF-07AE-48E2-A5A3-13115356B8B4}.Release|x86.ActiveCfg = Release|Any CPU
		{6BCBE41A-5A96-42BF-B797-DE49AC849594}.Debug|Any CPU.ActiveCfg = Debug|Any CPU
		{6BCBE41A-5A96-42BF-B797-DE49AC849594}.Debug|Any CPU.Build.0 = Debug|Any CPU
		{6BCBE41A-5A96-42BF-B797-DE49AC849594}.Debug|Mixed Platforms.ActiveCfg = Debug|Any CPU
		{6BCBE41A-5A96-42BF-B797-DE49AC849594}.Debug|Mixed Platforms.Build.0 = Debug|Any CPU
		{6BCBE41A-5A96-42BF-B797-DE49AC849594}.Debug|x86.ActiveCfg = Debug|Any CPU
		{6BCBE41A-5A96-42BF-B797-DE49AC849594}.Release|Any CPU.ActiveCfg = Release|Any CPU
		{6BCBE41A-5A96-42BF-B797-DE49AC849594}.Release|Any CPU.Build.0 = Release|Any CPU
		{6BCBE41A-5A96-42BF-B797-DE49AC849594}.Release|Mixed Platforms.ActiveCfg = Release|Any CPU
		{6BCBE41A-5A96-42BF-B797-DE49AC849594}.Release|Mixed Platforms.Build.0 = Release|Any CPU
		{6BCBE41A-5A96-42BF-B797-DE49AC849594}.Release|x86.ActiveCfg = Release|Any CPU
		{40C306F2-51F6-4E19-A30E-FB00532818DE}.Debug|Any CPU.ActiveCfg = Debug|Any CPU
		{40C306F2-51F6-4E19-A30E-FB00532818DE}.Debug|Any CPU.Build.0 = Debug|Any CPU
		{40C306F2-51F6-4E19-A30E-FB00532818DE}.Debug|Mixed Platforms.ActiveCfg = Debug|Any CPU
		{40C306F2-51F6-4E19-A30E-FB00532818DE}.Debug|Mixed Platforms.Build.0 = Debug|Any CPU
		{40C306F2-51F6-4E19-A30E-FB00532818DE}.Debug|x86.ActiveCfg = Debug|Any CPU
		{40C306F2-51F6-4E19-A30E-FB00532818DE}.Release|Any CPU.ActiveCfg = Release|Any CPU
		{40C306F2-51F6-4E19-A30E-FB00532818DE}.Release|Any CPU.Build.0 = Release|Any CPU
		{40C306F2-51F6-4E19-A30E-FB00532818DE}.Release|Mixed Platforms.ActiveCfg = Release|Any CPU
		{40C306F2-51F6-4E19-A30E-FB00532818DE}.Release|Mixed Platforms.Build.0 = Release|Any CPU
		{40C306F2-51F6-4E19-A30E-FB00532818DE}.Release|x86.ActiveCfg = Release|Any CPU
		{BE2B4BF5-F791-4D94-85DF-AB1DA30D9A3E}.Debug|Any CPU.ActiveCfg = Debug|Any CPU
		{BE2B4BF5-F791-4D94-85DF-AB1DA30D9A3E}.Debug|Any CPU.Build.0 = Debug|Any CPU
		{BE2B4BF5-F791-4D94-85DF-AB1DA30D9A3E}.Debug|Mixed Platforms.ActiveCfg = Debug|Any CPU
		{BE2B4BF5-F791-4D94-85DF-AB1DA30D9A3E}.Debug|Mixed Platforms.Build.0 = Debug|Any CPU
		{BE2B4BF5-F791-4D94-85DF-AB1DA30D9A3E}.Debug|x86.ActiveCfg = Debug|Any CPU
		{BE2B4BF5-F791-4D94-85DF-AB1DA30D9A3E}.Release|Any CPU.ActiveCfg = Release|Any CPU
		{BE2B4BF5-F791-4D94-85DF-AB1DA30D9A3E}.Release|Any CPU.Build.0 = Release|Any CPU
		{BE2B4BF5-F791-4D94-85DF-AB1DA30D9A3E}.Release|Mixed Platforms.ActiveCfg = Release|Any CPU
		{BE2B4BF5-F791-4D94-85DF-AB1DA30D9A3E}.Release|Mixed Platforms.Build.0 = Release|Any CPU
		{BE2B4BF5-F791-4D94-85DF-AB1DA30D9A3E}.Release|x86.ActiveCfg = Release|Any CPU
		{DCD625FC-CB82-48B7-9EC1-9C2FA7A62CE7}.Debug|Any CPU.ActiveCfg = Debug|Any CPU
		{DCD625FC-CB82-48B7-9EC1-9C2FA7A62CE7}.Debug|Any CPU.Build.0 = Debug|Any CPU
		{DCD625FC-CB82-48B7-9EC1-9C2FA7A62CE7}.Debug|Mixed Platforms.ActiveCfg = Debug|Any CPU
		{DCD625FC-CB82-48B7-9EC1-9C2FA7A62CE7}.Debug|Mixed Platforms.Build.0 = Debug|Any CPU
		{DCD625FC-CB82-48B7-9EC1-9C2FA7A62CE7}.Debug|x86.ActiveCfg = Debug|Any CPU
		{DCD625FC-CB82-48B7-9EC1-9C2FA7A62CE7}.Release|Any CPU.ActiveCfg = Release|Any CPU
		{DCD625FC-CB82-48B7-9EC1-9C2FA7A62CE7}.Release|Any CPU.Build.0 = Release|Any CPU
		{DCD625FC-CB82-48B7-9EC1-9C2FA7A62CE7}.Release|Mixed Platforms.ActiveCfg = Release|Any CPU
		{DCD625FC-CB82-48B7-9EC1-9C2FA7A62CE7}.Release|Mixed Platforms.Build.0 = Release|Any CPU
		{DCD625FC-CB82-48B7-9EC1-9C2FA7A62CE7}.Release|x86.ActiveCfg = Release|Any CPU
		{2D12AFD5-3B42-43A1-B93C-D38658996552}.Debug|Any CPU.ActiveCfg = Debug|Any CPU
		{2D12AFD5-3B42-43A1-B93C-D38658996552}.Debug|Any CPU.Build.0 = Debug|Any CPU
		{2D12AFD5-3B42-43A1-B93C-D38658996552}.Debug|Mixed Platforms.ActiveCfg = Debug|Any CPU
		{2D12AFD5-3B42-43A1-B93C-D38658996552}.Debug|Mixed Platforms.Build.0 = Debug|Any CPU
		{2D12AFD5-3B42-43A1-B93C-D38658996552}.Debug|x86.ActiveCfg = Debug|Any CPU
		{2D12AFD5-3B42-43A1-B93C-D38658996552}.Release|Any CPU.ActiveCfg = Release|Any CPU
		{2D12AFD5-3B42-43A1-B93C-D38658996552}.Release|Any CPU.Build.0 = Release|Any CPU
		{2D12AFD5-3B42-43A1-B93C-D38658996552}.Release|Mixed Platforms.ActiveCfg = Release|Any CPU
		{2D12AFD5-3B42-43A1-B93C-D38658996552}.Release|Mixed Platforms.Build.0 = Release|Any CPU
		{2D12AFD5-3B42-43A1-B93C-D38658996552}.Release|x86.ActiveCfg = Release|Any CPU
		{EBBF55FE-DED1-4CE9-AECE-FAF3674EB28F}.Debug|Any CPU.ActiveCfg = Debug|Any CPU
		{EBBF55FE-DED1-4CE9-AECE-FAF3674EB28F}.Debug|Any CPU.Build.0 = Debug|Any CPU
		{EBBF55FE-DED1-4CE9-AECE-FAF3674EB28F}.Debug|Mixed Platforms.ActiveCfg = Debug|Any CPU
		{EBBF55FE-DED1-4CE9-AECE-FAF3674EB28F}.Debug|Mixed Platforms.Build.0 = Debug|Any CPU
		{EBBF55FE-DED1-4CE9-AECE-FAF3674EB28F}.Debug|x86.ActiveCfg = Debug|Any CPU
		{EBBF55FE-DED1-4CE9-AECE-FAF3674EB28F}.Debug|x86.Build.0 = Debug|Any CPU
		{EBBF55FE-DED1-4CE9-AECE-FAF3674EB28F}.Release|Any CPU.ActiveCfg = Release|Any CPU
		{EBBF55FE-DED1-4CE9-AECE-FAF3674EB28F}.Release|Any CPU.Build.0 = Release|Any CPU
		{EBBF55FE-DED1-4CE9-AECE-FAF3674EB28F}.Release|Mixed Platforms.ActiveCfg = Release|Any CPU
		{EBBF55FE-DED1-4CE9-AECE-FAF3674EB28F}.Release|Mixed Platforms.Build.0 = Release|Any CPU
		{EBBF55FE-DED1-4CE9-AECE-FAF3674EB28F}.Release|x86.ActiveCfg = Release|Any CPU
		{EBBF55FE-DED1-4CE9-AECE-FAF3674EB28F}.Release|x86.Build.0 = Release|Any CPU
	EndGlobalSection
	GlobalSection(SolutionProperties) = preSolution
		HideSolutionNode = FALSE
	EndGlobalSection
	GlobalSection(NestedProjects) = preSolution
		{60CA0A91-3EC5-4E59-BA29-D05711CC2025} = {5C44564F-0352-4BC8-AEF5-74C1F8B125D9}
		{0DCABD3E-FC0C-4BB7-89B1-496C2C49ACE1} = {5C44564F-0352-4BC8-AEF5-74C1F8B125D9}
		{C606D4D5-A76A-494B-8162-20FEE414184A} = {5C44564F-0352-4BC8-AEF5-74C1F8B125D9}
		{42907FFE-1670-435A-A555-3D6F6210FAC7} = {5C44564F-0352-4BC8-AEF5-74C1F8B125D9}
		{9408E3AB-1B04-4C78-A2D8-276F1EDE1CF1} = {5C44564F-0352-4BC8-AEF5-74C1F8B125D9}
		{AF04092A-F52D-47AB-A187-FD3E4D05DFE2} = {9408E3AB-1B04-4C78-A2D8-276F1EDE1CF1}
		{76F1B429-4AEB-49FC-8BC1-1EE37096A36B} = {9408E3AB-1B04-4C78-A2D8-276F1EDE1CF1}
		{83C534C5-86FF-4E59-BE0F-C37978B1C547} = {42907FFE-1670-435A-A555-3D6F6210FAC7}
		{9F9A1F62-E5CC-4A7E-8325-EF9740345570} = {42907FFE-1670-435A-A555-3D6F6210FAC7}
		{C939F4EB-4DF2-44F2-8983-5E9A69F58358} = {60CA0A91-3EC5-4E59-BA29-D05711CC2025}
		{313E65EB-191F-4082-B96F-DF4C7D44D404} = {0DCABD3E-FC0C-4BB7-89B1-496C2C49ACE1}
		{F5BE6486-0BF9-437E-9DCD-0EA505EEC76E} = {60CA0A91-3EC5-4E59-BA29-D05711CC2025}
		{810E0850-53A4-460C-B955-E80D15339F51} = {0DCABD3E-FC0C-4BB7-89B1-496C2C49ACE1}
		{35E49EB0-6EF1-4E05-9C78-3125716FEDCB} = {0DCABD3E-FC0C-4BB7-89B1-496C2C49ACE1}
		{68799089-190D-4C85-B095-607D01E5DD5D} = {0DCABD3E-FC0C-4BB7-89B1-496C2C49ACE1}
		{0F8C8F7E-94CD-4FB0-898A-8ED97B98B846} = {C606D4D5-A76A-494B-8162-20FEE414184A}
		{62D3F9F6-8FE6-4B1A-9584-F88CDCEE8119} = {C606D4D5-A76A-494B-8162-20FEE414184A}
		{3EA12918-FE25-438A-8580-65514FFD0921} = {C606D4D5-A76A-494B-8162-20FEE414184A}
		{8D48807F-7D49-4444-95D7-6453AF9C13DF} = {9F9A1F62-E5CC-4A7E-8325-EF9740345570}
		{2710706D-EEBC-4F8A-B5DA-6F577D90E38E} = {9F9A1F62-E5CC-4A7E-8325-EF9740345570}
		{EE9E3587-8161-42D0-A1FB-CB06BBFEBCE0} = {AF04092A-F52D-47AB-A187-FD3E4D05DFE2}
		{141853EE-6FDF-4379-9469-452B578735F5} = {AF04092A-F52D-47AB-A187-FD3E4D05DFE2}
		{217F3A50-4AB8-4BFD-82D8-E072AA449BB2} = {00DD7F9A-F967-412B-AF55-F460E8455754}
		{4B7F4EE0-D061-416B-A18D-D24755F78C86} = {0DCABD3E-FC0C-4BB7-89B1-496C2C49ACE1}
		{D94573D8-6534-4585-AAB8-4A4AEEF7FBA1} = {0DCABD3E-FC0C-4BB7-89B1-496C2C49ACE1}
		{90D045A3-CDDC-45F2-9D6A-F37EE8C25B83} = {C606D4D5-A76A-494B-8162-20FEE414184A}
		{E98DB0CF-07AE-48E2-A5A3-13115356B8B4} = {C606D4D5-A76A-494B-8162-20FEE414184A}
		{6BCBE41A-5A96-42BF-B797-DE49AC849594} = {C606D4D5-A76A-494B-8162-20FEE414184A}
		{40C306F2-51F6-4E19-A30E-FB00532818DE} = {0DCABD3E-FC0C-4BB7-89B1-496C2C49ACE1}
		{BE2B4BF5-F791-4D94-85DF-AB1DA30D9A3E} = {AF04092A-F52D-47AB-A187-FD3E4D05DFE2}
		{DCD625FC-CB82-48B7-9EC1-9C2FA7A62CE7} = {AF04092A-F52D-47AB-A187-FD3E4D05DFE2}
		{2D12AFD5-3B42-43A1-B93C-D38658996552} = {60CA0A91-3EC5-4E59-BA29-D05711CC2025}
		{EBBF55FE-DED1-4CE9-AECE-FAF3674EB28F} = {0DCABD3E-FC0C-4BB7-89B1-496C2C49ACE1}
	EndGlobalSection
	GlobalSection(ExtensibilityGlobals) = postSolution
		SolutionGuid = {115E5E3B-04C0-4986-83AE-BC85468FBA8F}
	EndGlobalSection
	GlobalSection(TeamFoundationVersionControl) = preSolution
		SccNumberOfProjects = 25
		SccEnterpriseProvider = {4CA58AB2-18FA-4F8D-95D4-32DDF27D184C}
		SccTeamFoundationServer = http://10.218.7.225:8080/tfs/vueling
		SccLocalPath0 = .
		SccProjectUniqueName1 = Vueling_XXX.Database\\Vueling_XXX.Database.sqlproj
		SccProjectTopLevelParentUniqueName1 = Vueling.XXX.sln
		SccProjectName1 = Vueling_XXX.Database
		SccLocalPath1 = Vueling_XXX.Database
		SccProjectUniqueName2 = Vueling.XXX.Library\\Vueling.XXX.Library.csproj
		SccProjectTopLevelParentUniqueName2 = Vueling.XXX.sln
		SccProjectName2 = Vueling.XXX.Library
		SccLocalPath2 = Vueling.XXX.Library
		SccProjectUniqueName3 = Vueling.XXX.EF.DB.Infrastructure\\Vueling.XXX.EF.DB.Infrastructure.csproj
		SccProjectTopLevelParentUniqueName3 = Vueling.XXX.sln
		SccProjectName3 = Vueling.XXX.EF.DB.Infrastructure
		SccLocalPath3 = Vueling.XXX.EF.DB.Infrastructure
		SccProjectUniqueName4 = Vueling.XXX.Contracts.ServiceLibrary\\Vueling.XXX.Contracts.ServiceLibrary.csproj
		SccProjectTopLevelParentUniqueName4 = Vueling.XXX.sln
		SccProjectName4 = Vueling.XXX.Contracts.ServiceLibrary
		SccLocalPath4 = Vueling.XXX.Contracts.ServiceLibrary
		SccProjectUniqueName5 = Vueling.XXX.DB.Infrastructure\\Vueling.XXX.DB.Infrastructure.csproj
		SccProjectTopLevelParentUniqueName5 = Vueling.XXX.sln
		SccProjectName5 = Vueling.XXX.DB.Infrastructure
		SccLocalPath5 = Vueling.XXX.DB.Infrastructure
		SccProjectUniqueName6 = Vueling.XXX.Impl.ServiceLibrary\\Vueling.XXX.Impl.ServiceLibrary.csproj
		SccProjectTopLevelParentUniqueName6 = Vueling.XXX.sln
		SccProjectName6 = Vueling.XXX.Impl.ServiceLibrary
		SccLocalPath6 = Vueling.XXX.Impl.ServiceLibrary
		SccProjectUniqueName7 = Vueling.XXX.WebUI\\Vueling.XXX.WebUI.csproj
		SccProjectTopLevelParentUniqueName7 = Vueling.XXX.sln
		SccProjectName7 = Vueling.XXX.WebUI
		SccLocalPath7 = Vueling.XXX.WebUI
		SccProjectUniqueName8 = Vueling.XXX.WebUI.UnitTest\\Vueling.XXX.WebUI.UnitTest.csproj
		SccProjectTopLevelParentUniqueName8 = Vueling.XXX.sln
		SccProjectName8 = Vueling.XXX.WebUI.UnitTest
		SccLocalPath8 = Vueling.XXX.WebUI.UnitTest
		SccProjectUniqueName9 = Vueling.XXX.WCF.REST.WebService\\Vueling.XXX.WCF.REST.WebService.csproj
		SccProjectTopLevelParentUniqueName9 = Vueling.XXX.sln
		SccProjectName9 = Vueling.XXX.WCF.REST.WebService
		SccLocalPath9 = Vueling.XXX.WCF.REST.WebService
		SccProjectUniqueName10 = Vueling.XXX.WCF.WebService\\Vueling.XXX.WCF.WebService.csproj
		SccProjectTopLevelParentUniqueName10 = Vueling.XXX.sln
		SccProjectName10 = Vueling.XXX.WCF.WebService
		SccLocalPath10 = Vueling.XXX.WCF.WebService
		SccProjectUniqueName11 = Vueling.XXX.WCF.WebService.UnitTest\\Vueling.XXX.WCF.WebService.UnitTest.csproj
		SccProjectTopLevelParentUniqueName11 = Vueling.XXX.sln
		SccProjectName11 = Vueling.XXX.WCF.WebService.UnitTest
		SccLocalPath11 = Vueling.XXX.WCF.WebService.UnitTest
		SccProjectUniqueName12 = Vueling.XXX.WCF.REST.WebService.UnitTest\\Vueling.XXX.WCF.REST.WebService.UnitTest.csproj
		SccProjectTopLevelParentUniqueName12 = Vueling.XXX.sln
		SccProjectName12 = Vueling.XXX.WCF.REST.WebService.UnitTest
		SccLocalPath12 = Vueling.XXX.WCF.REST.WebService.UnitTest
		SccProjectUniqueName13 = Vueling.XXX.Impl.ServiceLibrary.UnitTest\\Vueling.XXX.Impl.ServiceLibrary.UnitTest.csproj
		SccProjectTopLevelParentUniqueName13 = Vueling.XXX.sln
		SccProjectName13 = Vueling.XXX.Impl.ServiceLibrary.UnitTest
		SccLocalPath13 = Vueling.XXX.Impl.ServiceLibrary.UnitTest
		SccProjectUniqueName14 = Vueling.XXX.Library.UnitTest\\Vueling.XXX.Library.UnitTest.csproj
		SccProjectTopLevelParentUniqueName14 = Vueling.XXX.sln
		SccProjectName14 = Vueling.XXX.Library.UnitTest
		SccLocalPath14 = Vueling.XXX.Library.UnitTest
		SccProjectUniqueName15 = Vueling.XXX.DB.Infrastructure.UnitTest\\Vueling.XXX.DB.Infrastructure.UnitTest.csproj
		SccProjectTopLevelParentUniqueName15 = Vueling.XXX.sln
		SccProjectName15 = Vueling.XXX.DB.Infrastructure.UnitTest
		SccLocalPath15 = Vueling.XXX.DB.Infrastructure.UnitTest
		SccProjectUniqueName16 = Vueling.XXX.WCF.WebService.IntegrationTest\\Vueling.XXX.WCF.WebService.IntegrationTest.csproj
		SccProjectTopLevelParentUniqueName16 = Vueling.XXX.sln
		SccProjectName16 = Vueling.XXX.WCF.WebService.IntegrationTest
		SccLocalPath16 = Vueling.XXX.WCF.WebService.IntegrationTest
		SccProjectUniqueName17 = Vueling.XXX.WCF.REST.WebService.IntegrationTest\\Vueling.XXX.WCF.REST.WebService.IntegrationTest.csproj
		SccProjectTopLevelParentUniqueName17 = Vueling.XXX.sln
		SccProjectName17 = Vueling.XXX.WCF.REST.WebService.IntegrationTest
		SccLocalPath17 = Vueling.XXX.WCF.REST.WebService.IntegrationTest
		SccProjectUniqueName18 = Vueling.XXX.Message\\Vueling.XXX.Message.csproj
		SccProjectTopLevelParentUniqueName18 = Vueling.XXX.sln
		SccProjectName18 = Vueling.XXX.Message
		SccLocalPath18 = Vueling.XXX.Message
		SccProjectUniqueName19 = Vueling.XXX.Publisher.Contracts.ServiceLibrary\\Vueling.XXX.Publisher.Contracts.ServiceLibrary.csproj
		SccProjectTopLevelParentUniqueName19 = Vueling.XXX.sln
		SccProjectName19 = Vueling.XXX.Publisher.Contracts.ServiceLibrary
		SccLocalPath19 = Vueling.XXX.Publisher.Contracts.ServiceLibrary
		SccProjectUniqueName20 = Vueling.XXX.Publisher.Impl.ServiceLibrary\\Vueling.XXX.Publisher.Impl.ServiceLibrary.csproj
		SccProjectTopLevelParentUniqueName20 = Vueling.XXX.sln
		SccProjectName20 = Vueling.XXX.Publisher.Impl.ServiceLibrary
		SccLocalPath20 = Vueling.XXX.Publisher.Impl.ServiceLibrary
		SccProjectUniqueName21 = Vueling.XXX.Publisher.WCF.WebService\\Vueling.XXX.Publisher.WCF.WebService.csproj
		SccProjectTopLevelParentUniqueName21 = Vueling.XXX.sln
		SccProjectName21 = Vueling.XXX.Publisher.WCF.WebService
		SccLocalPath21 = Vueling.XXX.Publisher.WCF.WebService
		SccProjectUniqueName22 = Vueling.XXX.EF.DB.Infrastructure.IntegrationTest\\Vueling.XXX.EF.DB.Infrastructure.IntegrationTest.csproj
		SccProjectTopLevelParentUniqueName22 = Vueling.XXX.sln
		SccProjectName22 = Vueling.XXX.EF.DB.Infrastructure.IntegrationTest
		SccLocalPath22 = Vueling.XXX.EF.DB.Infrastructure.IntegrationTest
		SccProjectUniqueName23 = Vueling.XXX.StaticContent\\Vueling.XXX.StaticContent.csproj
		SccProjectTopLevelParentUniqueName23 = Vueling.XXX.sln
		SccProjectName23 = Vueling.XXX.StaticContent
		SccLocalPath23 = Vueling.XXX.StaticContent
		SccProjectUniqueName24 = Vueling.XXX.MessageConsumer.WindowsService\\Vueling.XXX.MessageConsumer.WindowsService.csproj
		SccProjectTopLevelParentUniqueName24 = Vueling.XXX.sln
		SccProjectName24 = Vueling.XXX.MessageConsumer.WindowsService
		SccLocalPath24 = Vueling.XXX.MessageConsumer.WindowsService
	EndGlobalSection
	GlobalSection(TestCaseManagementSettings) = postSolution
		CategoryFile = Vueling.XXX.vsmdi
	EndGlobalSection
EndGlobal
