
Microsoft Visual Studio Solution File, Format Version 12.00
# Visual Studio 15
VisualStudioVersion = 15.0.28307.106
MinimumVisualStudioVersion = 10.0.40219.1
Project("{2150E333-8FDC-42A3-9474-1A3956D46DE8}") = "0 - Modeling and Design", "0 - Modeling and Design", "{09643795-86DB-4FC9-8B17-50B1FE96CCF0}"
EndProject
Project("{2150E333-8FDC-42A3-9474-1A3956D46DE8}") = "1 - Layers", "1 - Layers", "{5C44564F-0352-4BC8-AEF5-74C1F8B125D9}"
EndProject
Project("{2150E333-8FDC-42A3-9474-1A3956D46DE8}") = "2 - Database", "2 - Database", "{00DD7F9A-F967-412B-AF55-F460E8455754}"
EndProject
Project("{2150E333-8FDC-42A3-9474-1A3956D46DE8}") = "1.1 - Presentation", "1.1 - Presentation", "{60CA0A91-3EC5-4E59-BA29-D05711CC2025}"
EndProject
Project("{2150E333-8FDC-42A3-9474-1A3956D46DE8}") = "1.2 - Distributed Services", "1.2 - Distributed Services", "{0DCABD3E-FC0C-4BB7-89B1-496C2C49ACE1}"
EndProject
Project("{2150E333-8FDC-42A3-9474-1A3956D46DE8}") = "1.3 - Application", "1.3 - Application", "{C606D4D5-A76A-494B-8162-20FEE414184A}"
EndProject
Project("{2150E333-8FDC-42A3-9474-1A3956D46DE8}") = "1.4 - Domain", "1.4 - Domain", "{42907FFE-1670-435A-A555-3D6F6210FAC7}"
EndProject
Project("{2150E333-8FDC-42A3-9474-1A3956D46DE8}") = "1.5 - Infrastructure", "1.5 - Infrastructure", "{9408E3AB-1B04-4C78-A2D8-276F1EDE1CF1}"
EndProject
Project("{2150E333-8FDC-42A3-9474-1A3956D46DE8}") = "1.5.1 - Data", "1.5.1 - Data", "{AF04092A-F52D-47AB-A187-FD3E4D05DFE2}"
EndProject
Project("{2150E333-8FDC-42A3-9474-1A3956D46DE8}") = "1.5.2 - Cross Cutting", "1.5.2 - Cross Cutting", "{76F1B429-4AEB-49FC-8BC1-1EE37096A36B}"
EndProject
Project("{2150E333-8FDC-42A3-9474-1A3956D46DE8}") = "Solution Items", "Solution Items", "{28CDEC0D-A290-4111-9166-3E3BA2750975}"
	ProjectSection(SolutionItems) = preProject
		Local.testsettings = Local.testsettings
		nuget.config = nuget.config
		Remote.testsettings = Remote.testsettings
		Vueling.XXX.vsmdi = Vueling.XXX.vsmdi
	EndProjectSection
EndProject
Project("{2150E333-8FDC-42A3-9474-1A3956D46DE8}") = "1.4.1 - Core", "1.4.1 - Core", "{83C534C5-86FF-4E59-BE0F-C37978B1C547}"
EndProject
Project("{2150E333-8FDC-42A3-9474-1A3956D46DE8}") = "1.4.2 - MainModule", "1.4.2 - MainModule", "{9F9A1F62-E5CC-4A7E-8325-EF9740345570}"
EndProject
Project("{FAE04EC0-301F-11D3-BF4B-00C04F79EFBC}") = "Vueling.XXX.Contracts.ServiceLibrary", "Vueling.XXX.Contracts.ServiceLibrary\Vueling.XXX.Contracts.ServiceLibrary.csproj", "{0F8C8F7E-94CD-4FB0-898A-8ED97B98B846}"
EndProject
Project("{FAE04EC0-301F-11D3-BF4B-00C04F79EFBC}") = "Vueling.XXX.Impl.ServiceLibrary", "Vueling.XXX.Impl.ServiceLibrary\Vueling.XXX.Impl.ServiceLibrary.csproj", "{62D3F9F6-8FE6-4B1A-9584-F88CDCEE8119}"
EndProject
Project("{FAE04EC0-301F-11D3-BF4B-00C04F79EFBC}") = "Vueling.XXX.Impl.ServiceLibrary.UnitTest", "Vueling.XXX.Impl.ServiceLibrary.UnitTest\Vueling.XXX.Impl.ServiceLibrary.UnitTest.csproj", "{3EA12918-FE25-438A-8580-65514FFD0921}"
EndProject
Project("{FAE04EC0-301F-11D3-BF4B-00C04F79EFBC}") = "Vueling.XXX.Library", "Vueling.XXX.Library\Vueling.XXX.Library.csproj", "{8D48807F-7D49-4444-95D7-6453AF9C13DF}"
EndProject
Project("{FAE04EC0-301F-11D3-BF4B-00C04F79EFBC}") = "Vueling.XXX.Library.UnitTest", "Vueling.XXX.Library.UnitTest\Vueling.XXX.Library.UnitTest.csproj", "{2710706D-EEBC-4F8A-B5DA-6F577D90E38E}"
EndProject
Project("{FAE04EC0-301F-11D3-BF4B-00C04F79EFBC}") = "Vueling.XXX.Publisher.Contracts.ServiceLibrary", "Vueling.XXX.Publisher.Contracts.ServiceLibrary\Vueling.XXX.Publisher.Contracts.ServiceLibrary.csproj", "{E98DB0CF-07AE-48E2-A5A3-13115356B8B4}"
EndProject
Project("{FAE04EC0-301F-11D3-BF4B-00C04F79EFBC}") = "Vueling.XXX.Publisher.Impl.ServiceLibrary", "Vueling.XXX.Publisher.Impl.ServiceLibrary\Vueling.XXX.Publisher.Impl.ServiceLibrary.csproj", "{6BCBE41A-5A96-42BF-B797-DE49AC849594}"
EndProject
Project("{FAE04EC0-301F-11D3-BF4B-00C04F79EFBC}") = "Vueling.XXX.Publisher.WCF.WebService", "Vueling.XXX.Publisher.WCF.WebService\Vueling.XXX.Publisher.WCF.WebService.csproj", "{40C306F2-51F6-4E19-A30E-FB00532818DE}"
EndProject
Project("{FAE04EC0-301F-11D3-BF4B-00C04F79EFBC}") = "Vueling.XXX.MessageConsumer.WindowsService", "Vueling.XXX.MessageConsumer.WindowsService\Vueling.XXX.MessageConsumer.WindowsService.csproj", "{EBBF55FE-DED1-4CE9-AECE-FAF3674EB28F}"
EndProject
Project("{FAE04EC0-301F-11D3-BF4B-00C04F79EFBC}") = "Vueling.XXX.EF.DB.Infrastructure", "Vueling.XXX.EF.DB.Infrastructure\Vueling.XXX.EF.DB.Infrastructure.csproj", "{BE2B4BF5-F791-4D94-85DF-AB1DA30D9A3E}"
EndProject
Project("{FAE04EC0-301F-11D3-BF4B-00C04F79EFBC}") = "Vueling.XXX.Message", "Vueling.XXX.Message\Vueling.XXX.Message.csproj", "{90D045A3-CDDC-45F2-9D6A-F37EE8C25B83}"
EndProject
Global
	GlobalSection(SolutionConfigurationPlatforms) = preSolution
		Debug|Any CPU = Debug|Any CPU
		Debug|Mixed Platforms = Debug|Mixed Platforms
		Debug|x86 = Debug|x86
		Release|Any CPU = Release|Any CPU
		Release|Mixed Platforms = Release|Mixed Platforms
		Release|x86 = Release|x86
	EndGlobalSection
	GlobalSection(ProjectConfigurationPlatforms) = postSolution
		{0F8C8F7E-94CD-4FB0-898A-8ED97B98B846}.Debug|Any CPU.ActiveCfg = Debug|Any CPU
		{0F8C8F7E-94CD-4FB0-898A-8ED97B98B846}.Debug|Any CPU.Build.0 = Debug|Any CPU
		{0F8C8F7E-94CD-4FB0-898A-8ED97B98B846}.Debug|Mixed Platforms.ActiveCfg = Debug|Any CPU
		{0F8C8F7E-94CD-4FB0-898A-8ED97B98B846}.Debug|Mixed Platforms.Build.0 = Debug|Any CPU
		{0F8C8F7E-94CD-4FB0-898A-8ED97B98B846}.Debug|x86.ActiveCfg = Debug|Any CPU
		{0F8C8F7E-94CD-4FB0-898A-8ED97B98B846}.Release|Any CPU.ActiveCfg = Release|Any CPU
		{0F8C8F7E-94CD-4FB0-898A-8ED97B98B846}.Release|Any CPU.Build.0 = Release|Any CPU
		{0F8C8F7E-94CD-4FB0-898A-8ED97B98B846}.Release|Mixed Platforms.ActiveCfg = Release|Any CPU
		{0F8C8F7E-94CD-4FB0-898A-8ED97B98B846}.Release|Mixed Platforms.Build.0 = Release|Any CPU
		{0F8C8F7E-94CD-4FB0-898A-8ED97B98B846}.Release|x86.ActiveCfg = Release|Any CPU
		{62D3F9F6-8FE6-4B1A-9584-F88CDCEE8119}.Debug|Any CPU.ActiveCfg = Debug|Any CPU
		{62D3F9F6-8FE6-4B1A-9584-F88CDCEE8119}.Debug|Any CPU.Build.0 = Debug|Any CPU
		{62D3F9F6-8FE6-4B1A-9584-F88CDCEE8119}.Debug|Mixed Platforms.ActiveCfg = Debug|Any CPU
		{62D3F9F6-8FE6-4B1A-9584-F88CDCEE8119}.Debug|Mixed Platforms.Build.0 = Debug|Any CPU
		{62D3F9F6-8FE6-4B1A-9584-F88CDCEE8119}.Debug|x86.ActiveCfg = Debug|Any CPU
		{62D3F9F6-8FE6-4B1A-9584-F88CDCEE8119}.Release|Any CPU.ActiveCfg = Release|Any CPU
		{62D3F9F6-8FE6-4B1A-9584-F88CDCEE8119}.Release|Any CPU.Build.0 = Release|Any CPU
		{62D3F9F6-8FE6-4B1A-9584-F88CDCEE8119}.Release|Mixed Platforms.ActiveCfg = Release|Any CPU
		{62D3F9F6-8FE6-4B1A-9584-F88CDCEE8119}.Release|Mixed Platforms.Build.0 = Release|Any CPU
		{62D3F9F6-8FE6-4B1A-9584-F88CDCEE8119}.Release|x86.ActiveCfg = Release|Any CPU
		{3EA12918-FE25-438A-8580-65514FFD0921}.Debug|Any CPU.ActiveCfg = Debug|Any CPU
		{3EA12918-FE25-438A-8580-65514FFD0921}.Debug|Any CPU.Build.0 = Debug|Any CPU
		{3EA12918-FE25-438A-8580-65514FFD0921}.Debug|Mixed Platforms.ActiveCfg = Debug|Any CPU
		{3EA12918-FE25-438A-8580-65514FFD0921}.Debug|Mixed Platforms.Build.0 = Debug|Any CPU
		{3EA12918-FE25-438A-8580-65514FFD0921}.Debug|x86.ActiveCfg = Debug|Any CPU
		{3EA12918-FE25-438A-8580-65514FFD0921}.Release|Any CPU.ActiveCfg = Release|Any CPU
		{3EA12918-FE25-438A-8580-65514FFD0921}.Release|Any CPU.Build.0 = Release|Any CPU
		{3EA12918-FE25-438A-8580-65514FFD0921}.Release|Mixed Platforms.ActiveCfg = Release|Any CPU
		{3EA12918-FE25-438A-8580-65514FFD0921}.Release|Mixed Platforms.Build.0 = Release|Any CPU
		{3EA12918-FE25-438A-8580-65514FFD0921}.Release|x86.ActiveCfg = Release|Any CPU
		{8D48807F-7D49-4444-95D7-6453AF9C13DF}.Debug|Any CPU.ActiveCfg = Debug|Any CPU
		{8D48807F-7D49-4444-95D7-6453AF9C13DF}.Debug|Any CPU.Build.0 = Debug|Any CPU
		{8D48807F-7D49-4444-95D7-6453AF9C13DF}.Debug|Mixed Platforms.ActiveCfg = Debug|Any CPU
		{8D48807F-7D49-4444-95D7-6453AF9C13DF}.Debug|Mixed Platforms.Build.0 = Debug|Any CPU
		{8D48807F-7D49-4444-95D7-6453AF9C13DF}.Debug|x86.ActiveCfg = Debug|Any CPU
		{8D48807F-7D49-4444-95D7-6453AF9C13DF}.Release|Any CPU.ActiveCfg = Release|Any CPU
		{8D48807F-7D49-4444-95D7-6453AF9C13DF}.Release|Any CPU.Build.0 = Release|Any CPU
		{8D48807F-7D49-4444-95D7-6453AF9C13DF}.Release|Mixed Platforms.ActiveCfg = Release|Any CPU
		{8D48807F-7D49-4444-95D7-6453AF9C13DF}.Release|Mixed Platforms.Build.0 = Release|Any CPU
		{8D48807F-7D49-4444-95D7-6453AF9C13DF}.Release|x86.ActiveCfg = Release|Any CPU
		{2710706D-EEBC-4F8A-B5DA-6F577D90E38E}.Debug|Any CPU.ActiveCfg = Debug|Any CPU
		{2710706D-EEBC-4F8A-B5DA-6F577D90E38E}.Debug|Any CPU.Build.0 = Debug|Any CPU
		{2710706D-EEBC-4F8A-B5DA-6F577D90E38E}.Debug|Mixed Platforms.ActiveCfg = Debug|Any CPU
		{2710706D-EEBC-4F8A-B5DA-6F577D90E38E}.Debug|Mixed Platforms.Build.0 = Debug|Any CPU
		{2710706D-EEBC-4F8A-B5DA-6F577D90E38E}.Debug|x86.ActiveCfg = Debug|Any CPU
		{2710706D-EEBC-4F8A-B5DA-6F577D90E38E}.Release|Any CPU.ActiveCfg = Release|Any CPU
		{2710706D-EEBC-4F8A-B5DA-6F577D90E38E}.Release|Any CPU.Build.0 = Release|Any CPU
		{2710706D-EEBC-4F8A-B5DA-6F577D90E38E}.Release|Mixed Platforms.ActiveCfg = Release|Any CPU
		{2710706D-EEBC-4F8A-B5DA-6F577D90E38E}.Release|Mixed Platforms.Build.0 = Release|Any CPU
		{2710706D-EEBC-4F8A-B5DA-6F577D90E38E}.Release|x86.ActiveCfg = Release|Any CPU
		{E98DB0CF-07AE-48E2-A5A3-13115356B8B4}.Debug|Any CPU.ActiveCfg = Debug|Any CPU
		{E98DB0CF-07AE-48E2-A5A3-13115356B8B4}.Debug|Any CPU.Build.0 = Debug|Any CPU
		{E98DB0CF-07AE-48E2-A5A3-13115356B8B4}.Debug|Mixed Platforms.ActiveCfg = Debug|Any CPU
		{E98DB0CF-07AE-48E2-A5A3-13115356B8B4}.Debug|Mixed Platforms.Build.0 = Debug|Any CPU
		{E98DB0CF-07AE-48E2-A5A3-13115356B8B4}.Debug|x86.ActiveCfg = Debug|Any CPU
		{E98DB0CF-07AE-48E2-A5A3-13115356B8B4}.Release|Any CPU.ActiveCfg = Release|Any CPU
		{E98DB0CF-07AE-48E2-A5A3-13115356B8B4}.Release|Any CPU.Build.0 = Release|Any CPU
		{E98DB0CF-07AE-48E2-A5A3-13115356B8B4}.Release|Mixed Platforms.ActiveCfg = Release|Any CPU
		{E98DB0CF-07AE-48E2-A5A3-13115356B8B4}.Release|Mixed Platforms.Build.0 = Release|Any CPU
		{E98DB0CF-07AE-48E2-A5A3-13115356B8B4}.Release|x86.ActiveCfg = Release|Any CPU
		{6BCBE41A-5A96-42BF-B797-DE49AC849594}.Debug|Any CPU.ActiveCfg = Debug|Any CPU
		{6BCBE41A-5A96-42BF-B797-DE49AC849594}.Debug|Any CPU.Build.0 = Debug|Any CPU
		{6BCBE41A-5A96-42BF-B797-DE49AC849594}.Debug|Mixed Platforms.ActiveCfg = Debug|Any CPU
		{6BCBE41A-5A96-42BF-B797-DE49AC849594}.Debug|Mixed Platforms.Build.0 = Debug|Any CPU
		{6BCBE41A-5A96-42BF-B797-DE49AC849594}.Debug|x86.ActiveCfg = Debug|Any CPU
		{6BCBE41A-5A96-42BF-B797-DE49AC849594}.Release|Any CPU.ActiveCfg = Release|Any CPU
		{6BCBE41A-5A96-42BF-B797-DE49AC849594}.Release|Any CPU.Build.0 = Release|Any CPU
		{6BCBE41A-5A96-42BF-B797-DE49AC849594}.Release|Mixed Platforms.ActiveCfg = Release|Any CPU
		{6BCBE41A-5A96-42BF-B797-DE49AC849594}.Release|Mixed Platforms.Build.0 = Release|Any CPU
		{6BCBE41A-5A96-42BF-B797-DE49AC849594}.Release|x86.ActiveCfg = Release|Any CPU
		{40C306F2-51F6-4E19-A30E-FB00532818DE}.Debug|Any CPU.ActiveCfg = Debug|Any CPU
		{40C306F2-51F6-4E19-A30E-FB00532818DE}.Debug|Any CPU.Build.0 = Debug|Any CPU
		{40C306F2-51F6-4E19-A30E-FB00532818DE}.Debug|Mixed Platforms.ActiveCfg = Debug|Any CPU
		{40C306F2-51F6-4E19-A30E-FB00532818DE}.Debug|Mixed Platforms.Build.0 = Debug|Any CPU
		{40C306F2-51F6-4E19-A30E-FB00532818DE}.Debug|x86.ActiveCfg = Debug|Any CPU
		{40C306F2-51F6-4E19-A30E-FB00532818DE}.Release|Any CPU.ActiveCfg = Release|Any CPU
		{40C306F2-51F6-4E19-A30E-FB00532818DE}.Release|Any CPU.Build.0 = Release|Any CPU
		{40C306F2-51F6-4E19-A30E-FB00532818DE}.Release|Mixed Platforms.ActiveCfg = Release|Any CPU
		{40C306F2-51F6-4E19-A30E-FB00532818DE}.Release|Mixed Platforms.Build.0 = Release|Any CPU
		{40C306F2-51F6-4E19-A30E-FB00532818DE}.Release|x86.ActiveCfg = Release|Any CPU
		{EBBF55FE-DED1-4CE9-AECE-FAF3674EB28F}.Debug|Any CPU.ActiveCfg = Debug|Any CPU
		{EBBF55FE-DED1-4CE9-AECE-FAF3674EB28F}.Debug|Any CPU.Build.0 = Debug|Any CPU
		{EBBF55FE-DED1-4CE9-AECE-FAF3674EB28F}.Debug|Mixed Platforms.ActiveCfg = Debug|Any CPU
		{EBBF55FE-DED1-4CE9-AECE-FAF3674EB28F}.Debug|Mixed Platforms.Build.0 = Debug|Any CPU
		{EBBF55FE-DED1-4CE9-AECE-FAF3674EB28F}.Debug|x86.ActiveCfg = Debug|Any CPU
		{EBBF55FE-DED1-4CE9-AECE-FAF3674EB28F}.Debug|x86.Build.0 = Debug|Any CPU
		{EBBF55FE-DED1-4CE9-AECE-FAF3674EB28F}.Release|Any CPU.ActiveCfg = Release|Any CPU
		{EBBF55FE-DED1-4CE9-AECE-FAF3674EB28F}.Release|Any CPU.Build.0 = Release|Any CPU
		{EBBF55FE-DED1-4CE9-AECE-FAF3674EB28F}.Release|Mixed Platforms.ActiveCfg = Release|Any CPU
		{EBBF55FE-DED1-4CE9-AECE-FAF3674EB28F}.Release|Mixed Platforms.Build.0 = Release|Any CPU
		{EBBF55FE-DED1-4CE9-AECE-FAF3674EB28F}.Release|x86.ActiveCfg = Release|Any CPU
		{EBBF55FE-DED1-4CE9-AECE-FAF3674EB28F}.Release|x86.Build.0 = Release|Any CPU
		{BE2B4BF5-F791-4D94-85DF-AB1DA30D9A3E}.Debug|Any CPU.ActiveCfg = Debug|Any CPU
		{BE2B4BF5-F791-4D94-85DF-AB1DA30D9A3E}.Debug|Any CPU.Build.0 = Debug|Any CPU
		{BE2B4BF5-F791-4D94-85DF-AB1DA30D9A3E}.Debug|Mixed Platforms.ActiveCfg = Debug|Any CPU
		{BE2B4BF5-F791-4D94-85DF-AB1DA30D9A3E}.Debug|Mixed Platforms.Build.0 = Debug|Any CPU
		{BE2B4BF5-F791-4D94-85DF-AB1DA30D9A3E}.Debug|x86.ActiveCfg = Debug|Any CPU
		{BE2B4BF5-F791-4D94-85DF-AB1DA30D9A3E}.Debug|x86.Build.0 = Debug|Any CPU
		{BE2B4BF5-F791-4D94-85DF-AB1DA30D9A3E}.Release|Any CPU.ActiveCfg = Release|Any CPU
		{BE2B4BF5-F791-4D94-85DF-AB1DA30D9A3E}.Release|Any CPU.Build.0 = Release|Any CPU
		{BE2B4BF5-F791-4D94-85DF-AB1DA30D9A3E}.Release|Mixed Platforms.ActiveCfg = Release|Any CPU
		{BE2B4BF5-F791-4D94-85DF-AB1DA30D9A3E}.Release|Mixed Platforms.Build.0 = Release|Any CPU
		{BE2B4BF5-F791-4D94-85DF-AB1DA30D9A3E}.Release|x86.ActiveCfg = Release|Any CPU
		{BE2B4BF5-F791-4D94-85DF-AB1DA30D9A3E}.Release|x86.Build.0 = Release|Any CPU
		{90D045A3-CDDC-45F2-9D6A-F37EE8C25B83}.Debug|Any CPU.ActiveCfg = Debug|Any CPU
		{90D045A3-CDDC-45F2-9D6A-F37EE8C25B83}.Debug|Any CPU.Build.0 = Debug|Any CPU
		{90D045A3-CDDC-45F2-9D6A-F37EE8C25B83}.Debug|Mixed Platforms.ActiveCfg = Debug|Any CPU
		{90D045A3-CDDC-45F2-9D6A-F37EE8C25B83}.Debug|Mixed Platforms.Build.0 = Debug|Any CPU
		{90D045A3-CDDC-45F2-9D6A-F37EE8C25B83}.Debug|x86.ActiveCfg = Debug|Any CPU
		{90D045A3-CDDC-45F2-9D6A-F37EE8C25B83}.Debug|x86.Build.0 = Debug|Any CPU
		{90D045A3-CDDC-45F2-9D6A-F37EE8C25B83}.Release|Any CPU.ActiveCfg = Release|Any CPU
		{90D045A3-CDDC-45F2-9D6A-F37EE8C25B83}.Release|Any CPU.Build.0 = Release|Any CPU
		{90D045A3-CDDC-45F2-9D6A-F37EE8C25B83}.Release|Mixed Platforms.ActiveCfg = Release|Any CPU
		{90D045A3-CDDC-45F2-9D6A-F37EE8C25B83}.Release|Mixed Platforms.Build.0 = Release|Any CPU
		{90D045A3-CDDC-45F2-9D6A-F37EE8C25B83}.Release|x86.ActiveCfg = Release|Any CPU
		{90D045A3-CDDC-45F2-9D6A-F37EE8C25B83}.Release|x86.Build.0 = Release|Any CPU
	EndGlobalSection
	GlobalSection(SolutionProperties) = preSolution
		HideSolutionNode = FALSE
	EndGlobalSection
	GlobalSection(NestedProjects) = preSolution
		{60CA0A91-3EC5-4E59-BA29-D05711CC2025} = {5C44564F-0352-4BC8-AEF5-74C1F8B125D9}
		{0DCABD3E-FC0C-4BB7-89B1-496C2C49ACE1} = {5C44564F-0352-4BC8-AEF5-74C1F8B125D9}
		{C606D4D5-A76A-494B-8162-20FEE414184A} = {5C44564F-0352-4BC8-AEF5-74C1F8B125D9}
		{42907FFE-1670-435A-A555-3D6F6210FAC7} = {5C44564F-0352-4BC8-AEF5-74C1F8B125D9}
		{9408E3AB-1B04-4C78-A2D8-276F1EDE1CF1} = {5C44564F-0352-4BC8-AEF5-74C1F8B125D9}
		{AF04092A-F52D-47AB-A187-FD3E4D05DFE2} = {9408E3AB-1B04-4C78-A2D8-276F1EDE1CF1}
		{76F1B429-4AEB-49FC-8BC1-1EE37096A36B} = {9408E3AB-1B04-4C78-A2D8-276F1EDE1CF1}
		{83C534C5-86FF-4E59-BE0F-C37978B1C547} = {42907FFE-1670-435A-A555-3D6F6210FAC7}
		{9F9A1F62-E5CC-4A7E-8325-EF9740345570} = {42907FFE-1670-435A-A555-3D6F6210FAC7}
		{0F8C8F7E-94CD-4FB0-898A-8ED97B98B846} = {C606D4D5-A76A-494B-8162-20FEE414184A}
		{62D3F9F6-8FE6-4B1A-9584-F88CDCEE8119} = {C606D4D5-A76A-494B-8162-20FEE414184A}
		{3EA12918-FE25-438A-8580-65514FFD0921} = {C606D4D5-A76A-494B-8162-20FEE414184A}
		{8D48807F-7D49-4444-95D7-6453AF9C13DF} = {9F9A1F62-E5CC-4A7E-8325-EF9740345570}
		{2710706D-EEBC-4F8A-B5DA-6F577D90E38E} = {9F9A1F62-E5CC-4A7E-8325-EF9740345570}
		{E98DB0CF-07AE-48E2-A5A3-13115356B8B4} = {C606D4D5-A76A-494B-8162-20FEE414184A}
		{6BCBE41A-5A96-42BF-B797-DE49AC849594} = {C606D4D5-A76A-494B-8162-20FEE414184A}
		{40C306F2-51F6-4E19-A30E-FB00532818DE} = {0DCABD3E-FC0C-4BB7-89B1-496C2C49ACE1}
		{EBBF55FE-DED1-4CE9-AECE-FAF3674EB28F} = {0DCABD3E-FC0C-4BB7-89B1-496C2C49ACE1}
		{BE2B4BF5-F791-4D94-85DF-AB1DA30D9A3E} = {AF04092A-F52D-47AB-A187-FD3E4D05DFE2}
		{90D045A3-CDDC-45F2-9D6A-F37EE8C25B83} = {C606D4D5-A76A-494B-8162-20FEE414184A}
	EndGlobalSection
	GlobalSection(ExtensibilityGlobals) = postSolution
		SolutionGuid = {115E5E3B-04C0-4986-83AE-BC85468FBA8F}
	EndGlobalSection
	GlobalSection(TestCaseManagementSettings) = postSolution
		CategoryFile = Vueling.XXX.vsmdi
	EndGlobalSection
EndGlobal
